{
	"name": "kill-port",
	"version": "1.0.1",
	"lockfileVersion": 2,
	"requires": true,
	"packages": {
		"": {
			"name": "kill-port",
			"version": "1.0.1",
			"license": "ISC",
			"dependencies": {
				"esm": "^3.2.25"
			},
			"bin": {
				"kp": "bin/kill-port"
			}
		},
		"node_modules/esm": {
			"version": "3.2.25",
			"license": "MIT",
			"engines": {
				"node": ">=6"
			}
		}
	},
	"dependencies": {
		"esm": {
			"version": "3.2.25"
		}
	}
}
